<?xml version="1.0" encoding="utf-8"?>
<Project ToolsVersion="4.0" xmlns="http://schemas.microsoft.com/developer/msbuild/2003">
  <ItemGroup>
    <Filter Include="ソース ファイル">
      <UniqueIdentifier>{4FC737F1-C7A5-4376-A066-2A32D752A2FF}</UniqueIdentifier>
      <Extensions>cpp;c;cc;cxx;c++;cppm;ixx;def;odl;idl;hpj;bat;asm;asmx</Extensions>
    </Filter>
    <Filter Include="ヘッダー ファイル">
      <UniqueIdentifier>{93995380-89BD-4b04-88EB-625FBE52EBFB}</UniqueIdentifier>
      <Extensions>h;hh;hpp;hxx;h++;hm;inl;inc;ipp;xsd</Extensions>
    </Filter>
    <Filter Include="リソース ファイル">
      <UniqueIdentifier>{67DA6AB6-F800-4c08-8B7A-83BB121AAD01}</UniqueIdentifier>
      <Extensions>rc;ico;cur;bmp;dlg;rc2;rct;bin;rgs;gif;jpg;jpeg;jpe;resx;tiff;tif;png;wav;mfcribbon-ms</Extensions>
    </Filter>
    <Filter Include="シェーダー ファイル">
      <UniqueIdentifier>{718c7f4c-fc51-40ad-a221-b9456a7a1a3c}</UniqueIdentifier>
    </Filter>
    <Filter Include="Scene">
      <UniqueIdentifier>{5d81ac62-3f94-42c2-b03f-20c1870803bf}</UniqueIdentifier>
    </Filter>
    <Filter Include="Player">
      <UniqueIdentifier>{08b0769e-5f1e-4426-9af8-3460ef306700}</UniqueIdentifier>
    </Filter>
    <Filter Include="Bullet">
      <UniqueIdentifier>{3fde0d9c-9023-4df3-8500-45f2830bb2a1}</UniqueIdentifier>
    </Filter>
    <Filter Include="Enemy">
      <UniqueIdentifier>{73a30998-7270-465a-9dd7-544c7532065b}</UniqueIdentifier>
    </Filter>
    <Filter Include="Camera">
      <UniqueIdentifier>{358f5694-9c4c-4711-9888-600e46fcd8cb}</UniqueIdentifier>
    </Filter>
    <Filter Include="UI">
      <UniqueIdentifier>{62979579-941f-40eb-bb09-a309b0070da7}</UniqueIdentifier>
    </Filter>
    <Filter Include="Map">
      <UniqueIdentifier>{9b5eb5d3-b21a-4195-9307-b6211dffe79a}</UniqueIdentifier>
    </Filter>
  </ItemGroup>
  <ItemGroup>
    <ClCompile Include="main.cpp">
      <Filter>ソース ファイル</Filter>
    </ClCompile>
    <ClCompile Include="scene\GameScene.cpp">
      <Filter>Scene</Filter>
    </ClCompile>
    <ClCompile Include="WorldTransformEx.cpp">
      <Filter>ソース ファイル</Filter>
    </ClCompile>
    <ClCompile Include="scene\TitleScene.cpp">
      <Filter>Scene</Filter>
    </ClCompile>
    <ClCompile Include="bullet\BaseBullet.cpp">
      <Filter>Bullet</Filter>
    </ClCompile>
    <ClCompile Include="enemy\DeathParticles.cpp">
      <Filter>Enemy</Filter>
    </ClCompile>
    <ClCompile Include="enemy\Boss.cpp">
      <Filter>Enemy</Filter>
    </ClCompile>
    <ClCompile Include="enemy\Enemy.cpp">
      <Filter>Enemy</Filter>
    </ClCompile>
    <ClCompile Include="camera\CameraController.cpp">
      <Filter>Camera</Filter>
    </ClCompile>
    <ClCompile Include="enemy\Item.cpp">
      <Filter>Enemy</Filter>
    </ClCompile>
    <ClCompile Include="map\MapChipField.cpp">
      <Filter>Map</Filter>
    </ClCompile>
    <ClCompile Include="enemy\myMath.cpp">
      <Filter>Enemy</Filter>
    </ClCompile>
    <ClCompile Include="bullet\OrbitBullet.cpp">
      <Filter>Bullet</Filter>
    </ClCompile>
    <ClCompile Include="UI\PlayUI.cpp">
      <Filter>UI</Filter>
    </ClCompile>
    <ClCompile Include="player\Player.cpp">
      <Filter>Player</Filter>
    </ClCompile>
    <ClCompile Include="UI\Timer.cpp">
      <Filter>UI</Filter>
    </ClCompile>
    <ClCompile Include="Crystal.cpp">
      <Filter>ソース ファイル</Filter>
    </ClCompile>
  </ItemGroup>
  <ItemGroup>
    <FxCompile Include="Resources\shaders\SpritePS.hlsl">
      <Filter>シェーダー ファイル</Filter>
    </FxCompile>
    <FxCompile Include="Resources\shaders\SpriteVS.hlsl">
      <Filter>シェーダー ファイル</Filter>
    </FxCompile>
    <FxCompile Include="Resources\shaders\ShapeVS.hlsl">
      <Filter>シェーダー ファイル</Filter>
    </FxCompile>
    <FxCompile Include="Resources\shaders\ShapePS.hlsl">
      <Filter>シェーダー ファイル</Filter>
    </FxCompile>
    <FxCompile Include="Resources\shaders\ObjPS.hlsl">
      <Filter>シェーダー ファイル</Filter>
    </FxCompile>
    <FxCompile Include="Resources\shaders\ObjVS.hlsl">
      <Filter>シェーダー ファイル</Filter>
    </FxCompile>
    <FxCompile Include="Resources\shaders\PrimitivePS.hlsl">
      <Filter>シェーダー ファイル</Filter>
    </FxCompile>
    <FxCompile Include="Resources\shaders\PrimitiveVS.hlsl">
      <Filter>シェーダー ファイル</Filter>
    </FxCompile>
    <FxCompile Include="Resources\shaders\TerrainPS.hlsl">
      <Filter>シェーダー ファイル</Filter>
    </FxCompile>
    <FxCompile Include="Resources\shaders\TerrainVS.hlsl">
      <Filter>シェーダー ファイル</Filter>
    </FxCompile>
  </ItemGroup>
  <ItemGroup>
    <None Include="Resources\shaders\Sprite.hlsli">
      <Filter>シェーダー ファイル</Filter>
    </None>
    <None Include="Resources\shaders\Shape.hlsli">
      <Filter>シェーダー ファイル</Filter>
    </None>
    <None Include="Resources\shaders\Obj.hlsli">
      <Filter>シェーダー ファイル</Filter>
    </None>
    <None Include="Resources\shaders\Primitive.hlsli">
      <Filter>シェーダー ファイル</Filter>
    </None>
    <None Include="Resources\shaders\Terrain.hlsli">
      <Filter>シェーダー ファイル</Filter>
    </None>
  </ItemGroup>
  <ItemGroup>
    <ClInclude Include="scene\GameScene.h">
      <Filter>Scene</Filter>
    </ClInclude>
    <ClInclude Include="AABB.h">
      <Filter>ヘッダー ファイル</Filter>
    </ClInclude>
    <ClInclude Include="scene\TitleScene.h">
      <Filter>Scene</Filter>
    </ClInclude>
    <ClInclude Include="bullet\BaseBullet.h">
      <Filter>Bullet</Filter>
    </ClInclude>
    <ClInclude Include="enemy\Boss.h">
      <Filter>Enemy</Filter>
    </ClInclude>
    <ClInclude Include="bullet\BulletFactory.h">
      <Filter>Bullet</Filter>
    </ClInclude>
    <ClInclude Include="camera\CameraController.h">
      <Filter>Camera</Filter>
    </ClInclude>
    <ClInclude Include="enemy\DeathParticles.h">
      <Filter>Enemy</Filter>
    </ClInclude>
    <ClInclude Include="enemy\Enemy.h">
      <Filter>Enemy</Filter>
    </ClInclude>
    <ClInclude Include="enemy\Item.h">
      <Filter>Enemy</Filter>
    </ClInclude>
    <ClInclude Include="map\MapChipField.h">
      <Filter>Map</Filter>
    </ClInclude>
    <ClInclude Include="bullet\OrbitBullet.h">
      <Filter>Bullet</Filter>
    </ClInclude>
    <ClInclude Include="player\Player.h">
      <Filter>Player</Filter>
    </ClInclude>
    <ClInclude Include="UI\PlayUI.h">
      <Filter>UI</Filter>
    </ClInclude>
    <ClInclude Include="UI\Timer.h">
      <Filter>UI</Filter>
    </ClInclude>
    <ClInclude Include="enemy\myMath.h">
      <Filter>Enemy</Filter>
    </ClInclude>
    <ClInclude Include="Crystal.h">
      <Filter>ヘッダー ファイル</Filter>
    </ClInclude>
  </ItemGroup>
</Project>